
Microsoft Visual Studio Solution File, Format Version 12.00
# Visual Studio Version 17
VisualStudioVersion = 17.11.35327.3
MinimumVisualStudioVersion = 10.0.40219.1
Project("{9A19103F-16F7-4668-BE54-9A1E7A4F7556}") = "PR9", "PR9\PR9.csproj", "{6ABD7D6E-9F28-48B4-81BA-9EACA4DE5FFD}"
EndProject
Project("{9A19103F-16F7-4668-BE54-9A1E7A4F7556}") = "PR10", "PR10\PR10.csproj", "{CBDD9555-E631-4BB8-8765-13A5922FC0B1}"
EndProject
Project("{9A19103F-16F7-4668-BE54-9A1E7A4F7556}") = "PR8", "PR8\PR8.csproj", "{63511C3F-8752-4F1E-8C1C-1573F5B98151}"
EndProject
Project("{9A19103F-16F7-4668-BE54-9A1E7A4F7556}") = "PR11", "PR11\PR11.csproj", "{09F9BE03-458F-4D09-9E71-CF7FE12243C6}"
EndProject
Project("{9A19103F-16F7-4668-BE54-9A1E7A4F7556}") = "PR12", "PR12\PR12.csproj", "{8D8735B6-8DE8-40B4-8D97-4E0A3924BACD}"
EndProject
Project("{9A19103F-16F7-4668-BE54-9A1E7A4F7556}") = "PR13", "PR13\PR13.csproj", "{42022F55-9CAB-4AA2-954F-BAD7BD32726C}"
EndProject
Project("{FAE04EC0-301F-11D3-BF4B-00C04F79EFBC}") = "PR14", "PR14\PR14.csproj", "{62ACF176-EADB-472D-A575-42C5FA7B3CD5}"
EndProject
Global
	GlobalSection(SolutionConfigurationPlatforms) = preSolution
		Debug|Any CPU = Debug|Any CPU
		Release|Any CPU = Release|Any CPU
	EndGlobalSection
	GlobalSection(ProjectConfigurationPlatforms) = postSolution
		{6ABD7D6E-9F28-48B4-81BA-9EACA4DE5FFD}.Debug|Any CPU.ActiveCfg = Debug|Any CPU
		{6ABD7D6E-9F28-48B4-81BA-9EACA4DE5FFD}.Debug|Any CPU.Build.0 = Debug|Any CPU
		{6ABD7D6E-9F28-48B4-81BA-9EACA4DE5FFD}.Release|Any CPU.ActiveCfg = Release|Any CPU
		{6ABD7D6E-9F28-48B4-81BA-9EACA4DE5FFD}.Release|Any CPU.Build.0 = Release|Any CPU
		{CBDD9555-E631-4BB8-8765-13A5922FC0B1}.Debug|Any CPU.ActiveCfg = Debug|Any CPU
		{CBDD9555-E631-4BB8-8765-13A5922FC0B1}.Debug|Any CPU.Build.0 = Debug|Any CPU
		{CBDD9555-E631-4BB8-8765-13A5922FC0B1}.Release|Any CPU.ActiveCfg = Release|Any CPU
		{CBDD9555-E631-4BB8-8765-13A5922FC0B1}.Release|Any CPU.Build.0 = Release|Any CPU
		{63511C3F-8752-4F1E-8C1C-1573F5B98151}.Debug|Any CPU.ActiveCfg = Debug|Any CPU
		{63511C3F-8752-4F1E-8C1C-1573F5B98151}.Debug|Any CPU.Build.0 = Debug|Any CPU
		{63511C3F-8752-4F1E-8C1C-1573F5B98151}.Release|Any CPU.ActiveCfg = Release|Any CPU
		{63511C3F-8752-4F1E-8C1C-1573F5B98151}.Release|Any CPU.Build.0 = Release|Any CPU
		{09F9BE03-458F-4D09-9E71-CF7FE12243C6}.Debug|Any CPU.ActiveCfg = Debug|Any CPU
		{09F9BE03-458F-4D09-9E71-CF7FE12243C6}.Debug|Any CPU.Build.0 = Debug|Any CPU
		{09F9BE03-458F-4D09-9E71-CF7FE12243C6}.Release|Any CPU.ActiveCfg = Release|Any CPU
		{09F9BE03-458F-4D09-9E71-CF7FE12243C6}.Release|Any CPU.Build.0 = Release|Any CPU
		{8D8735B6-8DE8-40B4-8D97-4E0A3924BACD}.Debug|Any CPU.ActiveCfg = Debug|Any CPU
		{8D8735B6-8DE8-40B4-8D97-4E0A3924BACD}.Debug|Any CPU.Build.0 = Debug|Any CPU
		{8D8735B6-8DE8-40B4-8D97-4E0A3924BACD}.Release|Any CPU.ActiveCfg = Release|Any CPU
		{8D8735B6-8DE8-40B4-8D97-4E0A3924BACD}.Release|Any CPU.Build.0 = Release|Any CPU
		{42022F55-9CAB-4AA2-954F-BAD7BD32726C}.Debug|Any CPU.ActiveCfg = Debug|Any CPU
		{42022F55-9CAB-4AA2-954F-BAD7BD32726C}.Debug|Any CPU.Build.0 = Debug|Any CPU
		{42022F55-9CAB-4AA2-954F-BAD7BD32726C}.Release|Any CPU.ActiveCfg = Release|Any CPU
		{42022F55-9CAB-4AA2-954F-BAD7BD32726C}.Release|Any CPU.Build.0 = Release|Any CPU
		{62ACF176-EADB-472D-A575-42C5FA7B3CD5}.Debug|Any CPU.ActiveCfg = Debug|Any CPU
		{62ACF176-EADB-472D-A575-42C5FA7B3CD5}.Debug|Any CPU.Build.0 = Debug|Any CPU
		{62ACF176-EADB-472D-A575-42C5FA7B3CD5}.Release|Any CPU.ActiveCfg = Release|Any CPU
		{62ACF176-EADB-472D-A575-42C5FA7B3CD5}.Release|Any CPU.Build.0 = Release|Any CPU
	EndGlobalSection
	GlobalSection(SolutionProperties) = preSolution
		HideSolutionNode = FALSE
	EndGlobalSection
	GlobalSection(ExtensibilityGlobals) = postSolution
		SolutionGuid = {E7B9245B-8577-4129-A16F-2C0079FD856D}
	EndGlobalSection
EndGlobal
